
Microsoft Visual Studio Solution File, Format Version 12.00
Project("{FAE04EC0-301F-11D3-BF4B-00C04F79EFBC}") = "Graph.Algorithms.Tests.Unit", "Graph.Algorithms.Tests.Unit\Graph.Algorithms.Tests.Unit.csproj", "{2B803E5E-9AC4-4F0B-9EBD-90F404B48F84}"
EndProject
Global
	GlobalSection(SolutionConfigurationPlatforms) = preSolution
		Debug|Any CPU = Debug|Any CPU
		Release|Any CPU = Release|Any CPU
	EndGlobalSection
	GlobalSection(ProjectConfigurationPlatforms) = postSolution
		{2B803E5E-9AC4-4F0B-9EBD-90F404B48F84}.Debug|Any CPU.ActiveCfg = Debug|Any CPU
		{2B803E5E-9AC4-4F0B-9EBD-90F404B48F84}.Debug|Any CPU.Build.0 = Debug|Any CPU
		{2B803E5E-9AC4-4F0B-9EBD-90F404B48F84}.Release|Any CPU.ActiveCfg = Release|Any CPU
		{2B803E5E-9AC4-4F0B-9EBD-90F404B48F84}.Release|Any CPU.Build.0 = Release|Any CPU
	EndGlobalSection
EndGlobal
